
Microsoft Visual Studio Solution File, Format Version 11.00
# Visual Studio 2010
Project("{FAE04EC0-301F-11D3-BF4B-00C04F79EFBC}") = "Client", "Obi.csproj", "{2AE42FCB-13A4-487F-8EDB-FB92652F9FFC}"
EndProject
Project("{FAE04EC0-301F-11D3-BF4B-00C04F79EFBC}") = "Client", "Assembly-CSharp.csproj", "{12F44184-A422-5F27-22E6-507969043F15}"
EndProject
Project("{FAE04EC0-301F-11D3-BF4B-00C04F79EFBC}") = "Client", "MarsPB.csproj", "{4A4381A1-80D1-576F-6547-4857B05B99BB}"
EndProject
Project("{FAE04EC0-301F-11D3-BF4B-00C04F79EFBC}") = "Client", "Assembly-CSharp-Editor.csproj", "{5544F79C-5306-909F-C855-53D6959D5DFD}"
EndProject
Global
	GlobalSection(SolutionConfigurationPlatforms) = preSolution
		Debug|Any CPU = Debug|Any CPU
		Release|Any CPU = Release|Any CPU
	EndGlobalSection
	GlobalSection(ProjectConfigurationPlatforms) = postSolution
		{2AE42FCB-13A4-487F-8EDB-FB92652F9FFC}.Debug|Any CPU.ActiveCfg = Debug|Any CPU
		{2AE42FCB-13A4-487F-8EDB-FB92652F9FFC}.Debug|Any CPU.Build.0 = Debug|Any CPU
		{2AE42FCB-13A4-487F-8EDB-FB92652F9FFC}.Release|Any CPU.ActiveCfg = Release|Any CPU
		{2AE42FCB-13A4-487F-8EDB-FB92652F9FFC}.Release|Any CPU.Build.0 = Release|Any CPU
		{12F44184-A422-5F27-22E6-507969043F15}.Debug|Any CPU.ActiveCfg = Debug|Any CPU
		{12F44184-A422-5F27-22E6-507969043F15}.Debug|Any CPU.Build.0 = Debug|Any CPU
		{12F44184-A422-5F27-22E6-507969043F15}.Release|Any CPU.ActiveCfg = Release|Any CPU
		{12F44184-A422-5F27-22E6-507969043F15}.Release|Any CPU.Build.0 = Release|Any CPU
		{4A4381A1-80D1-576F-6547-4857B05B99BB}.Debug|Any CPU.ActiveCfg = Debug|Any CPU
		{4A4381A1-80D1-576F-6547-4857B05B99BB}.Debug|Any CPU.Build.0 = Debug|Any CPU
		{4A4381A1-80D1-576F-6547-4857B05B99BB}.Release|Any CPU.ActiveCfg = Release|Any CPU
		{4A4381A1-80D1-576F-6547-4857B05B99BB}.Release|Any CPU.Build.0 = Release|Any CPU
		{5544F79C-5306-909F-C855-53D6959D5DFD}.Debug|Any CPU.ActiveCfg = Debug|Any CPU
		{5544F79C-5306-909F-C855-53D6959D5DFD}.Debug|Any CPU.Build.0 = Debug|Any CPU
		{5544F79C-5306-909F-C855-53D6959D5DFD}.Release|Any CPU.ActiveCfg = Release|Any CPU
		{5544F79C-5306-909F-C855-53D6959D5DFD}.Release|Any CPU.Build.0 = Release|Any CPU
	EndGlobalSection
	GlobalSection(SolutionProperties) = preSolution
		HideSolutionNode = FALSE
	EndGlobalSection
	GlobalSection(MonoDevelopProperties) = preSolution
		StartupItem = Assembly-CSharp.csproj
	EndGlobalSection
EndGlobal
